
Microsoft Visual Studio Solution File, Format Version 12.00
# Visual Studio Version 17
VisualStudioVersion = 17.5.33424.131
MinimumVisualStudioVersion = 10.0.40219.1
Project("{2150E333-8FDC-42A3-9474-1A3956D46DE8}") = "Business", "Business", "{C009EDBD-9D2D-4628-B930-8E25533E3096}"
EndProject
Project("{2150E333-8FDC-42A3-9474-1A3956D46DE8}") = "Presentation", "Presentation", "{4B3F808E-0C34-4289-9E57-848761EFD014}"
EndProject
Project("{FAE04EC0-301F-11D3-BF4B-00C04F79EFBC}") = "Bitirme.Domain", "Business\Bitirme.Domain\Bitirme.Domain.csproj", "{70C4C3DB-8C95-4337-A4B8-E63FA4D6EB6B}"
EndProject
Project("{FAE04EC0-301F-11D3-BF4B-00C04F79EFBC}") = "Bitirme.Infrastructure", "Business\Bitirme.Infrastructure\Bitirme.Infrastructure.csproj", "{36B92840-B169-4579-8F9B-E06607FF0304}"
EndProject
Project("{FAE04EC0-301F-11D3-BF4B-00C04F79EFBC}") = "Bitirme.UI", "Presentation\Bitirme.UI\Bitirme.UI.csproj", "{7BF20B48-2796-468E-BE46-BCFEC3DAD28D}"
EndProject
Global
	GlobalSection(SolutionConfigurationPlatforms) = preSolution
		Debug|Any CPU = Debug|Any CPU
		Release|Any CPU = Release|Any CPU
	EndGlobalSection
	GlobalSection(ProjectConfigurationPlatforms) = postSolution
		{70C4C3DB-8C95-4337-A4B8-E63FA4D6EB6B}.Debug|Any CPU.ActiveCfg = Debug|Any CPU
		{70C4C3DB-8C95-4337-A4B8-E63FA4D6EB6B}.Debug|Any CPU.Build.0 = Debug|Any CPU
		{70C4C3DB-8C95-4337-A4B8-E63FA4D6EB6B}.Release|Any CPU.ActiveCfg = Release|Any CPU
		{70C4C3DB-8C95-4337-A4B8-E63FA4D6EB6B}.Release|Any CPU.Build.0 = Release|Any CPU
		{36B92840-B169-4579-8F9B-E06607FF0304}.Debug|Any CPU.ActiveCfg = Debug|Any CPU
		{36B92840-B169-4579-8F9B-E06607FF0304}.Debug|Any CPU.Build.0 = Debug|Any CPU
		{36B92840-B169-4579-8F9B-E06607FF0304}.Release|Any CPU.ActiveCfg = Release|Any CPU
		{36B92840-B169-4579-8F9B-E06607FF0304}.Release|Any CPU.Build.0 = Release|Any CPU
		{7BF20B48-2796-468E-BE46-BCFEC3DAD28D}.Debug|Any CPU.ActiveCfg = Debug|Any CPU
		{7BF20B48-2796-468E-BE46-BCFEC3DAD28D}.Debug|Any CPU.Build.0 = Debug|Any CPU
		{7BF20B48-2796-468E-BE46-BCFEC3DAD28D}.Release|Any CPU.ActiveCfg = Release|Any CPU
		{7BF20B48-2796-468E-BE46-BCFEC3DAD28D}.Release|Any CPU.Build.0 = Release|Any CPU
	EndGlobalSection
	GlobalSection(SolutionProperties) = preSolution
		HideSolutionNode = FALSE
	EndGlobalSection
	GlobalSection(NestedProjects) = preSolution
		{70C4C3DB-8C95-4337-A4B8-E63FA4D6EB6B} = {C009EDBD-9D2D-4628-B930-8E25533E3096}
		{36B92840-B169-4579-8F9B-E06607FF0304} = {C009EDBD-9D2D-4628-B930-8E25533E3096}
		{7BF20B48-2796-468E-BE46-BCFEC3DAD28D} = {4B3F808E-0C34-4289-9E57-848761EFD014}
	EndGlobalSection
	GlobalSection(ExtensibilityGlobals) = postSolution
		SolutionGuid = {451806C0-F366-484F-86FB-652E35C22205}
	EndGlobalSection
EndGlobal
